// !$*UTF8*$!
{
	archiveVersion = 1;
	classes = {
	};
	objectVersion = 56;
	objects = {

/* Begin PBXBuildFile section */
		9A5CA07F296D71640043A106 /* EasyContractApp.swift in Sources */ = {isa = PBXBuildFile; fileRef = 9A5CA07E296D71640043A106 /* EasyContractApp.swift */; };
		9A5CA081296D71640043A106 /* ContentView.swift in Sources */ = {isa = PBXBuildFile; fileRef = 9A5CA080296D71640043A106 /* ContentView.swift */; };
		9A5CA083296D71650043A106 /* Assets.xcassets in Resources */ = {isa = PBXBuildFile; fileRef = 9A5CA082296D71650043A106 /* Assets.xcassets */; };
		9A5CA087296D71650043A106 /* Preview Assets.xcassets in Resources */ = {isa = PBXBuildFile; fileRef = 9A5CA086296D71650043A106 /* Preview Assets.xcassets */; };
		9A5CA091296D71650043A106 /* EasyContractTests.swift in Sources */ = {isa = PBXBuildFile; fileRef = 9A5CA090296D71650043A106 /* EasyContractTests.swift */; };
		9A5CA09B296D71650043A106 /* EasyContractUITests.swift in Sources */ = {isa = PBXBuildFile; fileRef = 9A5CA09A296D71650043A106 /* EasyContractUITests.swift */; };
		9A5CA09D296D71650043A106 /* EasyContractUITestsLaunchTests.swift in Sources */ = {isa = PBXBuildFile; fileRef = 9A5CA09C296D71650043A106 /* EasyContractUITestsLaunchTests.swift */; };
/* End PBXBuildFile section */

/* Begin PBXContainerItemProxy section */
		9A5CA08D296D71650043A106 /* PBXContainerItemProxy */ = {
			isa = PBXContainerItemProxy;
			containerPortal = 9A5CA073296D71630043A106 /* Project object */;
			proxyType = 1;
			remoteGlobalIDString = 9A5CA07A296D71630043A106;
			remoteInfo = EasyContract;
		};
		9A5CA097296D71650043A106 /* PBXContainerItemProxy */ = {
			isa = PBXContainerItemProxy;
			containerPortal = 9A5CA073296D71630043A106 /* Project object */;
			proxyType = 1;
			remoteGlobalIDString = 9A5CA07A296D71630043A106;
			remoteInfo = EasyContract;
		};
/* End PBXContainerItemProxy section */

/* Begin PBXFileReference section */
		9A5CA07B296D71640043A106 /* EasyContract.app */ = {isa = PBXFileReference; explicitFileType = wrapper.application; includeInIndex = 0; path = EasyContract.app; sourceTree = BUILT_PRODUCTS_DIR; };
		9A5CA07E296D71640043A106 /* EasyContractApp.swift */ = {isa = PBXFileReference; lastKnownFileType = sourcecode.swift; path = EasyContractApp.swift; sourceTree = "<group>"; };
		9A5CA080296D71640043A106 /* ContentView.swift */ = {isa = PBXFileReference; lastKnownFileType = sourcecode.swift; path = ContentView.swift; sourceTree = "<group>"; };
		9A5CA082296D71650043A106 /* Assets.xcassets */ = {isa = PBXFileReference; lastKnownFileType = folder.assetcatalog; path = Assets.xcassets; sourceTree = "<group>"; };
		9A5CA084296D71650043A106 /* EasyContract.entitlements */ = {isa = PBXFileReference; lastKnownFileType = text.plist.entitlements; path = EasyContract.entitlements; sourceTree = "<group>"; };
		9A5CA086296D71650043A106 /* Preview Assets.xcassets */ = {isa = PBXFileReference; lastKnownFileType = folder.assetcatalog; path = "Preview Assets.xcassets"; sourceTree = "<group>"; };
		9A5CA08C296D71650043A106 /* EasyContractTests.xctest */ = {isa = PBXFileReference; explicitFileType = wrapper.cfbundle; includeInIndex = 0; path = EasyContractTests.xctest; sourceTree = BUILT_PRODUCTS_DIR; };
		9A5CA090296D71650043A106 /* EasyContractTests.swift */ = {isa = PBXFileReference; lastKnownFileType = sourcecode.swift; path = EasyContractTests.swift; sourceTree = "<group>"; };
		9A5CA096296D71650043A106 /* EasyContractUITests.xctest */ = {isa = PBXFileReference; explicitFileType = wrapper.cfbundle; includeInIndex = 0; path = EasyContractUITests.xctest; sourceTree = BUILT_PRODUCTS_DIR; };
		9A5CA09A296D71650043A106 /* EasyContractUITests.swift */ = {isa = PBXFileReference; lastKnownFileType = sourcecode.swift; path = EasyContractUITests.swift; sourceTree = "<group>"; };
		9A5CA09C296D71650043A106 /* EasyContractUITestsLaunchTests.swift */ = {isa = PBXFileReference; lastKnownFileType = sourcecode.swift; path = EasyContractUITestsLaunchTests.swift; sourceTree = "<group>"; };
/* End PBXFileReference section */

/* Begin PBXFrameworksBuildPhase section */
		9A5CA078296D71630043A106 /* Frameworks */ = {
			isa = PBXFrameworksBuildPhase;
			buildActionMask = 2147483647;
			files = (
			);
			runOnlyForDeploymentPostprocessing = 0;
		};
		9A5CA089296D71650043A106 /* Frameworks */ = {
			isa = PBXFrameworksBuildPhase;
			buildActionMask = 2147483647;
			files = (
			);
			runOnlyForDeploymentPostprocessing = 0;
		};
		9A5CA093296D71650043A106 /* Frameworks */ = {
			isa = PBXFrameworksBuildPhase;
			buildActionMask = 2147483647;
			files = (
			);
			runOnlyForDeploymentPostprocessing = 0;
		};
/* End PBXFrameworksBuildPhase section */

/* Begin PBXGroup section */
		9A5CA072296D71630043A106 = {
			isa = PBXGroup;
			children = (
				9A5CA07D296D71640043A106 /* EasyContract */,
				9A5CA08F296D71650043A106 /* EasyContractTests */,
				9A5CA099296D71650043A106 /* EasyContractUITests */,
				9A5CA07C296D71640043A106 /* Products */,
			);
			sourceTree = "<group>";
		};
		9A5CA07C296D71640043A106 /* Products */ = {
			isa = PBXGroup;
			children = (
				9A5CA07B296D71640043A106 /* EasyContract.app */,
				9A5CA08C296D71650043A106 /* EasyContractTests.xctest */,
				9A5CA096296D71650043A106 /* EasyContractUITests.xctest */,
			);
			name = Products;
			sourceTree = "<group>";
		};
		9A5CA07D296D71640043A106 /* EasyContract */ = {
			isa = PBXGroup;
			children = (
				9A5CA07E296D71640043A106 /* EasyContractApp.swift */,
				9A5CA080296D71640043A106 /* ContentView.swift */,
				9A5CA082296D71650043A106 /* Assets.xcassets */,
				9A5CA084296D71650043A106 /* EasyContract.entitlements */,
				9A5CA085296D71650043A106 /* Preview Content */,
			);
			path = EasyContract;
			sourceTree = "<group>";
		};
		9A5CA085296D71650043A106 /* Preview Content */ = {
			isa = PBXGroup;
			children = (
				9A5CA086296D71650043A106 /* Preview Assets.xcassets */,
			);
			path = "Preview Content";
			sourceTree = "<group>";
		};
		9A5CA08F296D71650043A106 /* EasyContractTests */ = {
			isa = PBXGroup;
			children = (
				9A5CA090296D71650043A106 /* EasyContractTests.swift */,
			);
			path = EasyContractTests;
			sourceTree = "<group>";
		};
		9A5CA099296D71650043A106 /* EasyContractUITests */ = {
			isa = PBXGroup;
			children = (
				9A5CA09A296D71650043A106 /* EasyContractUITests.swift */,
				9A5CA09C296D71650043A106 /* EasyContractUITestsLaunchTests.swift */,
			);
			path = EasyContractUITests;
			sourceTree = "<group>";
		};
/* End PBXGroup section */

/* Begin PBXNativeTarget section */
		9A5CA07A296D71630043A106 /* EasyContract */ = {
			isa = PBXNativeTarget;
			buildConfigurationList = 9A5CA0A0296D71650043A106 /* Build configuration list for PBXNativeTarget "EasyContract" */;
			buildPhases = (
				9A5CA077296D71630043A106 /* Sources */,
				9A5CA078296D71630043A106 /* Frameworks */,
				9A5CA079296D71630043A106 /* Resources */,
			);
			buildRules = (
			);
			dependencies = (
			);
			name = EasyContract;
			productName = EasyContract;
			productReference = 9A5CA07B296D71640043A106 /* EasyContract.app */;
			productType = "com.apple.product-type.application";
		};
		9A5CA08B296D71650043A106 /* EasyContractTests */ = {
			isa = PBXNativeTarget;
			buildConfigurationList = 9A5CA0A3296D71650043A106 /* Build configuration list for PBXNativeTarget "EasyContractTests" */;
			buildPhases = (
				9A5CA088296D71650043A106 /* Sources */,
				9A5CA089296D71650043A106 /* Frameworks */,
				9A5CA08A296D71650043A106 /* Resources */,
			);
			buildRules = (
			);
			dependencies = (
				9A5CA08E296D71650043A106 /* PBXTargetDependency */,
			);
			name = EasyContractTests;
			productName = EasyContractTests;
			productReference = 9A5CA08C296D71650043A106 /* EasyContractTests.xctest */;
			productType = "com.apple.product-type.bundle.unit-test";
		};
		9A5CA095296D71650043A106 /* EasyContractUITests */ = {
			isa = PBXNativeTarget;
			buildConfigurationList = 9A5CA0A6296D71650043A106 /* Build configuration list for PBXNativeTarget "EasyContractUITests" */;
			buildPhases = (
				9A5CA092296D71650043A106 /* Sources */,
				9A5CA093296D71650043A106 /* Frameworks */,
				9A5CA094296D71650043A106 /* Resources */,
			);
			buildRules = (
			);
			dependencies = (
				9A5CA098296D71650043A106 /* PBXTargetDependency */,
			);
			name = EasyContractUITests;
			productName = EasyContractUITests;
			productReference = 9A5CA096296D71650043A106 /* EasyContractUITests.xctest */;
			productType = "com.apple.product-type.bundle.ui-testing";
		};
/* End PBXNativeTarget section */

/* Begin PBXProject section */
		9A5CA073296D71630043A106 /* Project object */ = {
			isa = PBXProject;
			attributes = {
				BuildIndependentTargetsInParallel = 1;
				LastSwiftUpdateCheck = 1420;
				LastUpgradeCheck = 1420;
				TargetAttributes = {
					9A5CA07A296D71630043A106 = {
						CreatedOnToolsVersion = 14.2;
					};
					9A5CA08B296D71650043A106 = {
						CreatedOnToolsVersion = 14.2;
						TestTargetID = 9A5CA07A296D71630043A106;
					};
					9A5CA095296D71650043A106 = {
						CreatedOnToolsVersion = 14.2;
						TestTargetID = 9A5CA07A296D71630043A106;
					};
				};
			};
			buildConfigurationList = 9A5CA076296D71630043A106 /* Build configuration list for PBXProject "EasyContract" */;
			compatibilityVersion = "Xcode 14.0";
			developmentRegion = en;
			hasScannedForEncodings = 0;
			knownRegions = (
				en,
				Base,
			);
			mainGroup = 9A5CA072296D71630043A106;
			productRefGroup = 9A5CA07C296D71640043A106 /* Products */;
			projectDirPath = "";
			projectRoot = "";
			targets = (
				9A5CA07A296D71630043A106 /* EasyContract */,
				9A5CA08B296D71650043A106 /* EasyContractTests */,
				9A5CA095296D71650043A106 /* EasyContractUITests */,
			);
		};
/* End PBXProject section */

/* Begin PBXResourcesBuildPhase section */
		9A5CA079296D71630043A106 /* Resources */ = {
			isa = PBXResourcesBuildPhase;
			buildActionMask = 2147483647;
			files = (
				9A5CA087296D71650043A106 /* Preview Assets.xcassets in Resources */,
				9A5CA083296D71650043A106 /* Assets.xcassets in Resources */,
			);
			runOnlyForDeploymentPostprocessing = 0;
		};
		9A5CA08A296D71650043A106 /* Resources */ = {
			isa = PBXResourcesBuildPhase;
			buildActionMask = 2147483647;
			files = (
			);
			runOnlyForDeploymentPostprocessing = 0;
		};
		9A5CA094296D71650043A106 /* Resources */ = {
			isa = PBXResourcesBuildPhase;
			buildActionMask = 2147483647;
			files = (
			);
			runOnlyForDeploymentPostprocessing = 0;
		};
/* End PBXResourcesBuildPhase section */

/* Begin PBXSourcesBuildPhase section */
		9A5CA077296D71630043A106 /* Sources */ = {
			isa = PBXSourcesBuildPhase;
			buildActionMask = 2147483647;
			files = (
				9A5CA081296D71640043A106 /* ContentView.swift in Sources */,
				9A5CA07F296D71640043A106 /* EasyContractApp.swift in Sources */,
			);
			runOnlyForDeploymentPostprocessing = 0;
		};
		9A5CA088296D71650043A106 /* Sources */ = {
			isa = PBXSourcesBuildPhase;
			buildActionMask = 2147483647;
			files = (
				9A5CA091296D71650043A106 /* EasyContractTests.swift in Sources */,
			);
			runOnlyForDeploymentPostprocessing = 0;
		};
		9A5CA092296D71650043A106 /* Sources */ = {
			isa = PBXSourcesBuildPhase;
			buildActionMask = 2147483647;
			files = (
				9A5CA09D296D71650043A106 /* EasyContractUITestsLaunchTests.swift in Sources */,
				9A5CA09B296D71650043A106 /* EasyContractUITests.swift in Sources */,
			);
			runOnlyForDeploymentPostprocessing = 0;
		};
/* End PBXSourcesBuildPhase section */

/* Begin PBXTargetDependency section */
		9A5CA08E296D71650043A106 /* PBXTargetDependency */ = {
			isa = PBXTargetDependency;
			target = 9A5CA07A296D71630043A106 /* EasyContract */;
			targetProxy = 9A5CA08D296D71650043A106 /* PBXContainerItemProxy */;
		};
		9A5CA098296D71650043A106 /* PBXTargetDependency */ = {
			isa = PBXTargetDependency;
			target = 9A5CA07A296D71630043A106 /* EasyContract */;
			targetProxy = 9A5CA097296D71650043A106 /* PBXContainerItemProxy */;
		};
/* End PBXTargetDependency section */

/* Begin XCBuildConfiguration section */
		9A5CA09E296D71650043A106 /* Debug */ = {
			isa = XCBuildConfiguration;
			buildSettings = {
				ALWAYS_SEARCH_USER_PATHS = NO;
				CLANG_ANALYZER_NONNULL = YES;
				CLANG_ANALYZER_NUMBER_OBJECT_CONVERSION = YES_AGGRESSIVE;
				CLANG_CXX_LANGUAGE_STANDARD = "gnu++20";
				CLANG_ENABLE_MODULES = YES;
				CLANG_ENABLE_OBJC_ARC = YES;
				CLANG_ENABLE_OBJC_WEAK = YES;
				CLANG_WARN_BLOCK_CAPTURE_AUTORELEASING = YES;
				CLANG_WARN_BOOL_CONVERSION = YES;
				CLANG_WARN_COMMA = YES;
				CLANG_WARN_CONSTANT_CONVERSION = YES;
				CLANG_WARN_DEPRECATED_OBJC_IMPLEMENTATIONS = YES;
				CLANG_WARN_DIRECT_OBJC_ISA_USAGE = YES_ERROR;
				CLANG_WARN_DOCUMENTATION_COMMENTS = YES;
				CLANG_WARN_EMPTY_BODY = YES;
				CLANG_WARN_ENUM_CONVERSION = YES;
				CLANG_WARN_INFINITE_RECURSION = YES;
				CLANG_WARN_INT_CONVERSION = YES;
				CLANG_WARN_NON_LITERAL_NULL_CONVERSION = YES;
				CLANG_WARN_OBJC_IMPLICIT_RETAIN_SELF = YES;
				CLANG_WARN_OBJC_LITERAL_CONVERSION = YES;
				CLANG_WARN_OBJC_ROOT_CLASS = YES_ERROR;
				CLANG_WARN_QUOTED_INCLUDE_IN_FRAMEWORK_HEADER = YES;
				CLANG_WARN_RANGE_LOOP_ANALYSIS = YES;
				CLANG_WARN_STRICT_PROTOTYPES = YES;
				CLANG_WARN_SUSPICIOUS_MOVE = YES;
				CLANG_WARN_UNGUARDED_AVAILABILITY = YES_AGGRESSIVE;
				CLANG_WARN_UNREACHABLE_CODE = YES;
				CLANG_WARN__DUPLICATE_METHOD_MATCH = YES;
				COPY_PHASE_STRIP = NO;
				DEBUG_INFORMATION_FORMAT = dwarf;
				ENABLE_STRICT_OBJC_MSGSEND = YES;
				ENABLE_TESTABILITY = YES;
				GCC_C_LANGUAGE_STANDARD = gnu11;
				GCC_DYNAMIC_NO_PIC = NO;
				GCC_NO_COMMON_BLOCKS = YES;
				GCC_OPTIMIZATION_LEVEL = 0;
				GCC_PREPROCESSOR_DEFINITIONS = (
					"DEBUG=1",
					"$(inherited)",
				);
				GCC_WARN_64_TO_32_BIT_CONVERSION = YES;
				GCC_WARN_ABOUT_RETURN_TYPE = YES_ERROR;
				GCC_WARN_UNDECLARED_SELECTOR = YES;
				GCC_WARN_UNINITIALIZED_AUTOS = YES_AGGRESSIVE;
				GCC_WARN_UNUSED_FUNCTION = YES;
				GCC_WARN_UNUSED_VARIABLE = YES;
				MTL_ENABLE_DEBUG_INFO = INCLUDE_SOURCE;
				MTL_FAST_MATH = YES;
				ONLY_ACTIVE_ARCH = YES;
				SWIFT_ACTIVE_COMPILATION_CONDITIONS = DEBUG;
				SWIFT_OPTIMIZATION_LEVEL = "-Onone";
			};
			name = Debug;
		};
		9A5CA09F296D71650043A106 /* Release */ = {
			isa = XCBuildConfiguration;
			buildSettings = {
				ALWAYS_SEARCH_USER_PATHS = NO;
				CLANG_ANALYZER_NONNULL = YES;
				CLANG_ANALYZER_NUMBER_OBJECT_CONVERSION = YES_AGGRESSIVE;
				CLANG_CXX_LANGUAGE_STANDARD = "gnu++20";
				CLANG_ENABLE_MODULES = YES;
				CLANG_ENABLE_OBJC_ARC = YES;
				CLANG_ENABLE_OBJC_WEAK = YES;
				CLANG_WARN_BLOCK_CAPTURE_AUTORELEASING = YES;
				CLANG_WARN_BOOL_CONVERSION = YES;
				CLANG_WARN_COMMA = YES;
				CLANG_WARN_CONSTANT_CONVERSION = YES;
				CLANG_WARN_DEPRECATED_OBJC_IMPLEMENTATIONS = YES;
				CLANG_WARN_DIRECT_OBJC_ISA_USAGE = YES_ERROR;
				CLANG_WARN_DOCUMENTATION_COMMENTS = YES;
				CLANG_WARN_EMPTY_BODY = YES;
				CLANG_WARN_ENUM_CONVERSION = YES;
				CLANG_WARN_INFINITE_RECURSION = YES;
				CLANG_WARN_INT_CONVERSION = YES;
				CLANG_WARN_NON_LITERAL_NULL_CONVERSION = YES;
				CLANG_WARN_OBJC_IMPLICIT_RETAIN_SELF = YES;
				CLANG_WARN_OBJC_LITERAL_CONVERSION = YES;
				CLANG_WARN_OBJC_ROOT_CLASS = YES_ERROR;
				CLANG_WARN_QUOTED_INCLUDE_IN_FRAMEWORK_HEADER = YES;
				CLANG_WARN_RANGE_LOOP_ANALYSIS = YES;
				CLANG_WARN_STRICT_PROTOTYPES = YES;
				CLANG_WARN_SUSPICIOUS_MOVE = YES;
				CLANG_WARN_UNGUARDED_AVAILABILITY = YES_AGGRESSIVE;
				CLANG_WARN_UNREACHABLE_CODE = YES;
				CLANG_WARN__DUPLICATE_METHOD_MATCH = YES;
				COPY_PHASE_STRIP = NO;
				DEBUG_INFORMATION_FORMAT = "dwarf-with-dsym";
				ENABLE_NS_ASSERTIONS = NO;
				ENABLE_STRICT_OBJC_MSGSEND = YES;
				GCC_C_LANGUAGE_STANDARD = gnu11;
				GCC_NO_COMMON_BLOCKS = YES;
				GCC_WARN_64_TO_32_BIT_CONVERSION = YES;
				GCC_WARN_ABOUT_RETURN_TYPE = YES_ERROR;
				GCC_WARN_UNDECLARED_SELECTOR = YES;
				GCC_WARN_UNINITIALIZED_AUTOS = YES_AGGRESSIVE;
				GCC_WARN_UNUSED_FUNCTION = YES;
				GCC_WARN_UNUSED_VARIABLE = YES;
				MTL_ENABLE_DEBUG_INFO = NO;
				MTL_FAST_MATH = YES;
				SWIFT_COMPILATION_MODE = wholemodule;
				SWIFT_OPTIMIZATION_LEVEL = "-O";
			};
			name = Release;
		};
		9A5CA0A1296D71650043A106 /* Debug */ = {
			isa = XCBuildConfiguration;
			buildSettings = {
				ASSETCATALOG_COMPILER_APPICON_NAME = AppIcon;
				ASSETCATALOG_COMPILER_GLOBAL_ACCENT_COLOR_NAME = AccentColor;
				CODE_SIGN_ENTITLEMENTS = EasyContract/EasyContract.entitlements;
				CODE_SIGN_STYLE = Automatic;
				CURRENT_PROJECT_VERSION = 1;
				DEVELOPMENT_ASSET_PATHS = "\"EasyContract/Preview Content\"";
				DEVELOPMENT_TEAM = 4S5VR8BGUR;
				ENABLE_HARDENED_RUNTIME = YES;
				ENABLE_PREVIEWS = YES;
				GENERATE_INFOPLIST_FILE = YES;
				"INFOPLIST_KEY_UIApplicationSceneManifest_Generation[sdk=iphoneos*]" = YES;
				"INFOPLIST_KEY_UIApplicationSceneManifest_Generation[sdk=iphonesimulator*]" = YES;
				"INFOPLIST_KEY_UIApplicationSupportsIndirectInputEvents[sdk=iphoneos*]" = YES;
				"INFOPLIST_KEY_UIApplicationSupportsIndirectInputEvents[sdk=iphonesimulator*]" = YES;
				"INFOPLIST_KEY_UILaunchScreen_Generation[sdk=iphoneos*]" = YES;
				"INFOPLIST_KEY_UILaunchScreen_Generation[sdk=iphonesimulator*]" = YES;
				"INFOPLIST_KEY_UIStatusBarStyle[sdk=iphoneos*]" = UIStatusBarStyleDefault;
				"INFOPLIST_KEY_UIStatusBarStyle[sdk=iphonesimulator*]" = UIStatusBarStyleDefault;
				INFOPLIST_KEY_UISupportedInterfaceOrientations_iPad = "UIInterfaceOrientationPortrait UIInterfaceOrientationPortraitUpsideDown UIInterfaceOrientationLandscapeLeft UIInterfaceOrientationLandscapeRight";
				INFOPLIST_KEY_UISupportedInterfaceOrientations_iPhone = "UIInterfaceOrientationPortrait UIInterfaceOrientationLandscapeLeft UIInterfaceOrientationLandscapeRight";
				IPHONEOS_DEPLOYMENT_TARGET = 16.2;
				LD_RUNPATH_SEARCH_PATHS = "@executable_path/Frameworks";
				"LD_RUNPATH_SEARCH_PATHS[sdk=macosx*]" = "@executable_path/../Frameworks";
				MACOSX_DEPLOYMENT_TARGET = 13.1;
				MARKETING_VERSION = 1.0;
				PRODUCT_BUNDLE_IDENTIFIER = Sulayman.EasyContract;
				PRODUCT_NAME = "$(TARGET_NAME)";
				SDKROOT = auto;
				SUPPORTED_PLATFORMS = "iphoneos iphonesimulator macosx";
				SWIFT_EMIT_LOC_STRINGS = YES;
				SWIFT_VERSION = 5.0;
				TARGETED_DEVICE_FAMILY = "1,2";
			};
			name = Debug;
		};
		9A5CA0A2296D71650043A106 /* Release */ = {
			isa = XCBuildConfiguration;
			buildSettings = {
				ASSETCATALOG_COMPILER_APPICON_NAME = AppIcon;
				ASSETCATALOG_COMPILER_GLOBAL_ACCENT_COLOR_NAME = AccentColor;
				CODE_SIGN_ENTITLEMENTS = EasyContract/EasyContract.entitlements;
				CODE_SIGN_STYLE = Automatic;
				CURRENT_PROJECT_VERSION = 1;
				DEVELOPMENT_ASSET_PATHS = "\"EasyContract/Preview Content\"";
				DEVELOPMENT_TEAM = 4S5VR8BGUR;
				ENABLE_HARDENED_RUNTIME = YES;
				ENABLE_PREVIEWS = YES;
				GENERATE_INFOPLIST_FILE = YES;
				"INFOPLIST_KEY_UIApplicationSceneManifest_Generation[sdk=iphoneos*]" = YES;
				"INFOPLIST_KEY_UIApplicationSceneManifest_Generation[sdk=iphonesimulator*]" = YES;
				"INFOPLIST_KEY_UIApplicationSupportsIndirectInputEvents[sdk=iphoneos*]" = YES;
				"INFOPLIST_KEY_UIApplicationSupportsIndirectInputEvents[sdk=iphonesimulator*]" = YES;
				"INFOPLIST_KEY_UILaunchScreen_Generation[sdk=iphoneos*]" = YES;
				"INFOPLIST_KEY_UILaunchScreen_Generation[sdk=iphonesimulator*]" = YES;
				"INFOPLIST_KEY_UIStatusBarStyle[sdk=iphoneos*]" = UIStatusBarStyleDefault;
				"INFOPLIST_KEY_UIStatusBarStyle[sdk=iphonesimulator*]" = UIStatusBarStyleDefault;
				INFOPLIST_KEY_UISupportedInterfaceOrientations_iPad = "UIInterfaceOrientationPortrait UIInterfaceOrientationPortraitUpsideDown UIInterfaceOrientationLandscapeLeft UIInterfaceOrientationLandscapeRight";
				INFOPLIST_KEY_UISupportedInterfaceOrientations_iPhone = "UIInterfaceOrientationPortrait UIInterfaceOrientationLandscapeLeft UIInterfaceOrientationLandscapeRight";
				IPHONEOS_DEPLOYMENT_TARGET = 16.2;
				LD_RUNPATH_SEARCH_PATHS = "@executable_path/Frameworks";
				"LD_RUNPATH_SEARCH_PATHS[sdk=macosx*]" = "@executable_path/../Frameworks";
				MACOSX_DEPLOYMENT_TARGET = 13.1;
				MARKETING_VERSION = 1.0;
				PRODUCT_BUNDLE_IDENTIFIER = Sulayman.EasyContract;
				PRODUCT_NAME = "$(TARGET_NAME)";
				SDKROOT = auto;
				SUPPORTED_PLATFORMS = "iphoneos iphonesimulator macosx";
				SWIFT_EMIT_LOC_STRINGS = YES;
				SWIFT_VERSION = 5.0;
				TARGETED_DEVICE_FAMILY = "1,2";
			};
			name = Release;
		};
		9A5CA0A4296D71650043A106 /* Debug */ = {
			isa = XCBuildConfiguration;
			buildSettings = {
				ALWAYS_EMBED_SWIFT_STANDARD_LIBRARIES = YES;
				BUNDLE_LOADER = "$(TEST_HOST)";
				CODE_SIGN_STYLE = Automatic;
				CURRENT_PROJECT_VERSION = 1;
				DEVELOPMENT_TEAM = 4S5VR8BGUR;
				GENERATE_INFOPLIST_FILE = YES;
				IPHONEOS_DEPLOYMENT_TARGET = 16.2;
				MACOSX_DEPLOYMENT_TARGET = 13.1;
				MARKETING_VERSION = 1.0;
				PRODUCT_BUNDLE_IDENTIFIER = Sulayman.EasyContractTests;
				PRODUCT_NAME = "$(TARGET_NAME)";
				SDKROOT = auto;
				SUPPORTED_PLATFORMS = "iphoneos iphonesimulator macosx";
				SWIFT_EMIT_LOC_STRINGS = NO;
				SWIFT_VERSION = 5.0;
				TARGETED_DEVICE_FAMILY = "1,2";
				TEST_HOST = "$(BUILT_PRODUCTS_DIR)/EasyContract.app/$(BUNDLE_EXECUTABLE_FOLDER_PATH)/EasyContract";
			};
			name = Debug;
		};
		9A5CA0A5296D71650043A106 /* Release */ = {
			isa = XCBuildConfiguration;
			buildSettings = {
				ALWAYS_EMBED_SWIFT_STANDARD_LIBRARIES = YES;
				BUNDLE_LOADER = "$(TEST_HOST)";
				CODE_SIGN_STYLE = Automatic;
				CURRENT_PROJECT_VERSION = 1;
				DEVELOPMENT_TEAM = 4S5VR8BGUR;
				GENERATE_INFOPLIST_FILE = YES;
				IPHONEOS_DEPLOYMENT_TARGET = 16.2;
				MACOSX_DEPLOYMENT_TARGET = 13.1;
				MARKETING_VERSION = 1.0;
				PRODUCT_BUNDLE_IDENTIFIER = Sulayman.EasyContractTests;
				PRODUCT_NAME = "$(TARGET_NAME)";
				SDKROOT = auto;
				SUPPORTED_PLATFORMS = "iphoneos iphonesimulator macosx";
				SWIFT_EMIT_LOC_STRINGS = NO;
				SWIFT_VERSION = 5.0;
				TARGETED_DEVICE_FAMILY = "1,2";
				TEST_HOST = "$(BUILT_PRODUCTS_DIR)/EasyContract.app/$(BUNDLE_EXECUTABLE_FOLDER_PATH)/EasyContract";
			};
			name = Release;
		};
		9A5CA0A7296D71650043A106 /* Debug */ = {
			isa = XCBuildConfiguration;
			buildSettings = {
				ALWAYS_EMBED_SWIFT_STANDARD_LIBRARIES = YES;
				CODE_SIGN_STYLE = Automatic;
				CURRENT_PROJECT_VERSION = 1;
				DEVELOPMENT_TEAM = 4S5VR8BGUR;
				GENERATE_INFOPLIST_FILE = YES;
				IPHONEOS_DEPLOYMENT_TARGET = 16.2;
				MACOSX_DEPLOYMENT_TARGET = 13.1;
				MARKETING_VERSION = 1.0;
				PRODUCT_BUNDLE_IDENTIFIER = Sulayman.EasyContractUITests;
				PRODUCT_NAME = "$(TARGET_NAME)";
				SDKROOT = auto;
				SUPPORTED_PLATFORMS = "iphoneos iphonesimulator macosx";
				SWIFT_EMIT_LOC_STRINGS = NO;
				SWIFT_VERSION = 5.0;
				TARGETED_DEVICE_FAMILY = "1,2";
				TEST_TARGET_NAME = EasyContract;
			};
			name = Debug;
		};
		9A5CA0A8296D71650043A106 /* Release */ = {
			isa = XCBuildConfiguration;
			buildSettings = {
				ALWAYS_EMBED_SWIFT_STANDARD_LIBRARIES = YES;
				CODE_SIGN_STYLE = Automatic;
				CURRENT_PROJECT_VERSION = 1;
				DEVELOPMENT_TEAM = 4S5VR8BGUR;
				GENERATE_INFOPLIST_FILE = YES;
				IPHONEOS_DEPLOYMENT_TARGET = 16.2;
				MACOSX_DEPLOYMENT_TARGET = 13.1;
				MARKETING_VERSION = 1.0;
				PRODUCT_BUNDLE_IDENTIFIER = Sulayman.EasyContractUITests;
				PRODUCT_NAME = "$(TARGET_NAME)";
				SDKROOT = auto;
				SUPPORTED_PLATFORMS = "iphoneos iphonesimulator macosx";
				SWIFT_EMIT_LOC_STRINGS = NO;
				SWIFT_VERSION = 5.0;
				TARGETED_DEVICE_FAMILY = "1,2";
				TEST_TARGET_NAME = EasyContract;
			};
			name = Release;
		};
/* End XCBuildConfiguration section */

/* Begin XCConfigurationList section */
		9A5CA076296D71630043A106 /* Build configuration list for PBXProject "EasyContract" */ = {
			isa = XCConfigurationList;
			buildConfigurations = (
				9A5CA09E296D71650043A106 /* Debug */,
				9A5CA09F296D71650043A106 /* Release */,
			);
			defaultConfigurationIsVisible = 0;
			defaultConfigurationName = Release;
		};
		9A5CA0A0296D71650043A106 /* Build configuration list for PBXNativeTarget "EasyContract" */ = {
			isa = XCConfigurationList;
			buildConfigurations = (
				9A5CA0A1296D71650043A106 /* Debug */,
				9A5CA0A2296D71650043A106 /* Release */,
			);
			defaultConfigurationIsVisible = 0;
			defaultConfigurationName = Release;
		};
		9A5CA0A3296D71650043A106 /* Build configuration list for PBXNativeTarget "EasyContractTests" */ = {
			isa = XCConfigurationList;
			buildConfigurations = (
				9A5CA0A4296D71650043A106 /* Debug */,
				9A5CA0A5296D71650043A106 /* Release */,
			);
			defaultConfigurationIsVisible = 0;
			defaultConfigurationName = Release;
		};
		9A5CA0A6296D71650043A106 /* Build configuration list for PBXNativeTarget "EasyContractUITests" */ = {
			isa = XCConfigurationList;
			buildConfigurations = (
				9A5CA0A7296D71650043A106 /* Debug */,
				9A5CA0A8296D71650043A106 /* Release */,
			);
			defaultConfigurationIsVisible = 0;
			defaultConfigurationName = Release;
		};
/* End XCConfigurationList section */
	};
	rootObject = 9A5CA073296D71630043A106 /* Project object */;
}
